
Microsoft Visual Studio Solution File, Format Version 12.00
# Visual Studio Version 17
VisualStudioVersion = 17.0.32014.148
MinimumVisualStudioVersion = 10.0.40219.1
Project("{FAE04EC0-301F-11D3-BF4B-00C04F79EFBC}") = "Foxconn.App", "Foxconn.App\Foxconn.App.csproj", "{DCF43606-8555-4A91-A40A-6C570B175562}"
EndProject
Global
	GlobalSection(SolutionConfigurationPlatforms) = preSolution
		Debug|Any CPU = Debug|Any CPU
		Release|Any CPU = Release|Any CPU
	EndGlobalSection
	GlobalSection(ProjectConfigurationPlatforms) = postSolution
		{DCF43606-8555-4A91-A40A-6C570B175562}.Debug|Any CPU.ActiveCfg = Debug|Any CPU
		{DCF43606-8555-4A91-A40A-6C570B175562}.Debug|Any CPU.Build.0 = Debug|Any CPU
		{DCF43606-8555-4A91-A40A-6C570B175562}.Release|Any CPU.ActiveCfg = Release|Any CPU
		{DCF43606-8555-4A91-A40A-6C570B175562}.Release|Any CPU.Build.0 = Release|Any CPU
	EndGlobalSection
	GlobalSection(SolutionProperties) = preSolution
		HideSolutionNode = FALSE
	EndGlobalSection
	GlobalSection(ExtensibilityGlobals) = postSolution
		SolutionGuid = {3C12EF69-E546-411E-8301-61B7BE2F999A}
	EndGlobalSection
EndGlobal
